{
  "version": 4,
  "terraform_version": "1.15.5",
  "serial": 1,
  "lineage": "b6000bf1-6e48-2d09-a19d-adc119454926",
  "outputs": {},
  "resources": [
    {
      "module": "module.vpc",
      "mode": "managed",
      "type": "aws_vpc",
      "name": "main",
      "provider": "provider[\"registry.terraform.io/hashicorp/aws\"]",
      "instances": [
        {
          "schema_version": 1,
          "attributes": {
            "arn": "arn:aws:ec2:ap-south-1:418606469932:vpc/vpc-0c53cc3cfac3b7824",
            "assign_generated_ipv6_cidr_block": false,
            "cidr_block": "10.0.0.0/16",
            "default_network_acl_id": "acl-010feeb956bcf3bd0",
            "default_route_table_id": "rtb-07e5d0e4c8e3959ba",
            "default_security_group_id": "sg-0aed350b539c31aec",
            "dhcp_options_id": "dopt-040f92b0c8fa2c5fe",
            "enable_dns_hostnames": true,
            "enable_dns_support": true,
            "enable_network_address_usage_metrics": false,
            "id": "vpc-0c53cc3cfac3b7824",
            "instance_tenancy": "default",
            "ipv4_ipam_pool_id": null,
            "ipv4_netmask_length": null,
            "ipv6_association_id": "",
            "ipv6_cidr_block": "",
            "ipv6_cidr_block_network_border_group": "",
            "ipv6_ipam_pool_id": "",
            "ipv6_netmask_length": 0,
            "main_route_table_id": "rtb-07e5d0e4c8e3959ba",
            "owner_id": "418606469932",
            "tags": {
              "Name": "shopsphere-vpc"
            },
            "tags_all": {
              "Name": "shopsphere-vpc"
            }
          },
          "sensitive_attributes": [],
          "identity_schema_version": 0,
          "private": "eyJzY2hlbWFfdmVyc2lvbiI6IjEifQ=="
        }
      ]
    }
  ],
  "check_results": null
}
